// !$*UTF8*$!
{
	archiveVersion = 1;
	classes = {
	};
	objectVersion = 56;
	objects = {

/* Begin PBXBuildFile section */
		DC8FA9E62BD640FA006BA423 /* Krishna_s_CalculatorApp.swift in Sources */ = {isa = PBXBuildFile; fileRef = DC8FA9E52BD640FA006BA423 /* Krishna_s_CalculatorApp.swift */; };
		DC8FA9E82BD640FA006BA423 /* ContentView.swift in Sources */ = {isa = PBXBuildFile; fileRef = DC8FA9E72BD640FA006BA423 /* ContentView.swift */; };
		DC8FA9EA2BD640FD006BA423 /* Assets.xcassets in Resources */ = {isa = PBXBuildFile; fileRef = DC8FA9E92BD640FD006BA423 /* Assets.xcassets */; };
		DC8FA9ED2BD640FD006BA423 /* Preview Assets.xcassets in Resources */ = {isa = PBXBuildFile; fileRef = DC8FA9EC2BD640FD006BA423 /* Preview Assets.xcassets */; };
		DC8FA9F72BD640FD006BA423 /* Krishna_s_CalculatorTests.swift in Sources */ = {isa = PBXBuildFile; fileRef = DC8FA9F62BD640FD006BA423 /* Krishna_s_CalculatorTests.swift */; };
		DC8FAA012BD640FD006BA423 /* Krishna_s_CalculatorUITests.swift in Sources */ = {isa = PBXBuildFile; fileRef = DC8FAA002BD640FD006BA423 /* Krishna_s_CalculatorUITests.swift */; };
		DC8FAA032BD640FD006BA423 /* Krishna_s_CalculatorUITestsLaunchTests.swift in Sources */ = {isa = PBXBuildFile; fileRef = DC8FAA022BD640FD006BA423 /* Krishna_s_CalculatorUITestsLaunchTests.swift */; };
/* End PBXBuildFile section */

/* Begin PBXContainerItemProxy section */
		DC8FA9F32BD640FD006BA423 /* PBXContainerItemProxy */ = {
			isa = PBXContainerItemProxy;
			containerPortal = DC8FA9DA2BD640FA006BA423 /* Project object */;
			proxyType = 1;
			remoteGlobalIDString = DC8FA9E12BD640FA006BA423;
			remoteInfo = "Krishna's Calculator";
		};
		DC8FA9FD2BD640FD006BA423 /* PBXContainerItemProxy */ = {
			isa = PBXContainerItemProxy;
			containerPortal = DC8FA9DA2BD640FA006BA423 /* Project object */;
			proxyType = 1;
			remoteGlobalIDString = DC8FA9E12BD640FA006BA423;
			remoteInfo = "Krishna's Calculator";
		};
/* End PBXContainerItemProxy section */

/* Begin PBXFileReference section */
		DC8FA9E22BD640FA006BA423 /* Krishna's Calculator.app */ = {isa = PBXFileReference; explicitFileType = wrapper.application; includeInIndex = 0; path = "Krishna's Calculator.app"; sourceTree = BUILT_PRODUCTS_DIR; };
		DC8FA9E52BD640FA006BA423 /* Krishna_s_CalculatorApp.swift */ = {isa = PBXFileReference; lastKnownFileType = sourcecode.swift; path = Krishna_s_CalculatorApp.swift; sourceTree = "<group>"; };
		DC8FA9E72BD640FA006BA423 /* ContentView.swift */ = {isa = PBXFileReference; lastKnownFileType = sourcecode.swift; path = ContentView.swift; sourceTree = "<group>"; };
		DC8FA9E92BD640FD006BA423 /* Assets.xcassets */ = {isa = PBXFileReference; lastKnownFileType = folder.assetcatalog; path = Assets.xcassets; sourceTree = "<group>"; };
		DC8FA9EC2BD640FD006BA423 /* Preview Assets.xcassets */ = {isa = PBXFileReference; lastKnownFileType = folder.assetcatalog; path = "Preview Assets.xcassets"; sourceTree = "<group>"; };
		DC8FA9F22BD640FD006BA423 /* Krishna's CalculatorTests.xctest */ = {isa = PBXFileReference; explicitFileType = wrapper.cfbundle; includeInIndex = 0; path = "Krishna's CalculatorTests.xctest"; sourceTree = BUILT_PRODUCTS_DIR; };
		DC8FA9F62BD640FD006BA423 /* Krishna_s_CalculatorTests.swift */ = {isa = PBXFileReference; lastKnownFileType = sourcecode.swift; path = Krishna_s_CalculatorTests.swift; sourceTree = "<group>"; };
		DC8FA9FC2BD640FD006BA423 /* Krishna's CalculatorUITests.xctest */ = {isa = PBXFileReference; explicitFileType = wrapper.cfbundle; includeInIndex = 0; path = "Krishna's CalculatorUITests.xctest"; sourceTree = BUILT_PRODUCTS_DIR; };
		DC8FAA002BD640FD006BA423 /* Krishna_s_CalculatorUITests.swift */ = {isa = PBXFileReference; lastKnownFileType = sourcecode.swift; path = Krishna_s_CalculatorUITests.swift; sourceTree = "<group>"; };
		DC8FAA022BD640FD006BA423 /* Krishna_s_CalculatorUITestsLaunchTests.swift */ = {isa = PBXFileReference; lastKnownFileType = sourcecode.swift; path = Krishna_s_CalculatorUITestsLaunchTests.swift; sourceTree = "<group>"; };
/* End PBXFileReference section */

/* Begin PBXFrameworksBuildPhase section */
		DC8FA9DF2BD640FA006BA423 /* Frameworks */ = {
			isa = PBXFrameworksBuildPhase;
			buildActionMask = 2147483647;
			files = (
			);
			runOnlyForDeploymentPostprocessing = 0;
		};
		DC8FA9EF2BD640FD006BA423 /* Frameworks */ = {
			isa = PBXFrameworksBuildPhase;
			buildActionMask = 2147483647;
			files = (
			);
			runOnlyForDeploymentPostprocessing = 0;
		};
		DC8FA9F92BD640FD006BA423 /* Frameworks */ = {
			isa = PBXFrameworksBuildPhase;
			buildActionMask = 2147483647;
			files = (
			);
			runOnlyForDeploymentPostprocessing = 0;
		};
/* End PBXFrameworksBuildPhase section */

/* Begin PBXGroup section */
		DC8FA9D92BD640FA006BA423 = {
			isa = PBXGroup;
			children = (
				DC8FA9E42BD640FA006BA423 /* Krishna's Calculator */,
				DC8FA9F52BD640FD006BA423 /* Krishna's CalculatorTests */,
				DC8FA9FF2BD640FD006BA423 /* Krishna's CalculatorUITests */,
				DC8FA9E32BD640FA006BA423 /* Products */,
			);
			sourceTree = "<group>";
		};
		DC8FA9E32BD640FA006BA423 /* Products */ = {
			isa = PBXGroup;
			children = (
				DC8FA9E22BD640FA006BA423 /* Krishna's Calculator.app */,
				DC8FA9F22BD640FD006BA423 /* Krishna's CalculatorTests.xctest */,
				DC8FA9FC2BD640FD006BA423 /* Krishna's CalculatorUITests.xctest */,
			);
			name = Products;
			sourceTree = "<group>";
		};
		DC8FA9E42BD640FA006BA423 /* Krishna's Calculator */ = {
			isa = PBXGroup;
			children = (
				DC8FA9E52BD640FA006BA423 /* Krishna_s_CalculatorApp.swift */,
				DC8FA9E72BD640FA006BA423 /* ContentView.swift */,
				DC8FA9E92BD640FD006BA423 /* Assets.xcassets */,
				DC8FA9EB2BD640FD006BA423 /* Preview Content */,
			);
			path = "Krishna's Calculator";
			sourceTree = "<group>";
		};
		DC8FA9EB2BD640FD006BA423 /* Preview Content */ = {
			isa = PBXGroup;
			children = (
				DC8FA9EC2BD640FD006BA423 /* Preview Assets.xcassets */,
			);
			path = "Preview Content";
			sourceTree = "<group>";
		};
		DC8FA9F52BD640FD006BA423 /* Krishna's CalculatorTests */ = {
			isa = PBXGroup;
			children = (
				DC8FA9F62BD640FD006BA423 /* Krishna_s_CalculatorTests.swift */,
			);
			path = "Krishna's CalculatorTests";
			sourceTree = "<group>";
		};
		DC8FA9FF2BD640FD006BA423 /* Krishna's CalculatorUITests */ = {
			isa = PBXGroup;
			children = (
				DC8FAA002BD640FD006BA423 /* Krishna_s_CalculatorUITests.swift */,
				DC8FAA022BD640FD006BA423 /* Krishna_s_CalculatorUITestsLaunchTests.swift */,
			);
			path = "Krishna's CalculatorUITests";
			sourceTree = "<group>";
		};
/* End PBXGroup section */

/* Begin PBXNativeTarget section */
		DC8FA9E12BD640FA006BA423 /* Krishna's Calculator */ = {
			isa = PBXNativeTarget;
			buildConfigurationList = DC8FAA062BD640FD006BA423 /* Build configuration list for PBXNativeTarget "Krishna's Calculator" */;
			buildPhases = (
				DC8FA9DE2BD640FA006BA423 /* Sources */,
				DC8FA9DF2BD640FA006BA423 /* Frameworks */,
				DC8FA9E02BD640FA006BA423 /* Resources */,
			);
			buildRules = (
			);
			dependencies = (
			);
			name = "Krishna's Calculator";
			productName = "Krishna's Calculator";
			productReference = DC8FA9E22BD640FA006BA423 /* Krishna's Calculator.app */;
			productType = "com.apple.product-type.application";
		};
		DC8FA9F12BD640FD006BA423 /* Krishna's CalculatorTests */ = {
			isa = PBXNativeTarget;
			buildConfigurationList = DC8FAA092BD640FD006BA423 /* Build configuration list for PBXNativeTarget "Krishna's CalculatorTests" */;
			buildPhases = (
				DC8FA9EE2BD640FD006BA423 /* Sources */,
				DC8FA9EF2BD640FD006BA423 /* Frameworks */,
				DC8FA9F02BD640FD006BA423 /* Resources */,
			);
			buildRules = (
			);
			dependencies = (
				DC8FA9F42BD640FD006BA423 /* PBXTargetDependency */,
			);
			name = "Krishna's CalculatorTests";
			productName = "Krishna's CalculatorTests";
			productReference = DC8FA9F22BD640FD006BA423 /* Krishna's CalculatorTests.xctest */;
			productType = "com.apple.product-type.bundle.unit-test";
		};
		DC8FA9FB2BD640FD006BA423 /* Krishna's CalculatorUITests */ = {
			isa = PBXNativeTarget;
			buildConfigurationList = DC8FAA0C2BD640FD006BA423 /* Build configuration list for PBXNativeTarget "Krishna's CalculatorUITests" */;
			buildPhases = (
				DC8FA9F82BD640FD006BA423 /* Sources */,
				DC8FA9F92BD640FD006BA423 /* Frameworks */,
				DC8FA9FA2BD640FD006BA423 /* Resources */,
			);
			buildRules = (
			);
			dependencies = (
				DC8FA9FE2BD640FD006BA423 /* PBXTargetDependency */,
			);
			name = "Krishna's CalculatorUITests";
			productName = "Krishna's CalculatorUITests";
			productReference = DC8FA9FC2BD640FD006BA423 /* Krishna's CalculatorUITests.xctest */;
			productType = "com.apple.product-type.bundle.ui-testing";
		};
/* End PBXNativeTarget section */

/* Begin PBXProject section */
		DC8FA9DA2BD640FA006BA423 /* Project object */ = {
			isa = PBXProject;
			attributes = {
				BuildIndependentTargetsInParallel = 1;
				LastSwiftUpdateCheck = 1530;
				LastUpgradeCheck = 1530;
				TargetAttributes = {
					DC8FA9E12BD640FA006BA423 = {
						CreatedOnToolsVersion = 15.3;
					};
					DC8FA9F12BD640FD006BA423 = {
						CreatedOnToolsVersion = 15.3;
						TestTargetID = DC8FA9E12BD640FA006BA423;
					};
					DC8FA9FB2BD640FD006BA423 = {
						CreatedOnToolsVersion = 15.3;
						TestTargetID = DC8FA9E12BD640FA006BA423;
					};
				};
			};
			buildConfigurationList = DC8FA9DD2BD640FA006BA423 /* Build configuration list for PBXProject "Krishna's Calculator" */;
			compatibilityVersion = "Xcode 14.0";
			developmentRegion = en;
			hasScannedForEncodings = 0;
			knownRegions = (
				en,
				Base,
			);
			mainGroup = DC8FA9D92BD640FA006BA423;
			productRefGroup = DC8FA9E32BD640FA006BA423 /* Products */;
			projectDirPath = "";
			projectRoot = "";
			targets = (
				DC8FA9E12BD640FA006BA423 /* Krishna's Calculator */,
				DC8FA9F12BD640FD006BA423 /* Krishna's CalculatorTests */,
				DC8FA9FB2BD640FD006BA423 /* Krishna's CalculatorUITests */,
			);
		};
/* End PBXProject section */

/* Begin PBXResourcesBuildPhase section */
		DC8FA9E02BD640FA006BA423 /* Resources */ = {
			isa = PBXResourcesBuildPhase;
			buildActionMask = 2147483647;
			files = (
				DC8FA9ED2BD640FD006BA423 /* Preview Assets.xcassets in Resources */,
				DC8FA9EA2BD640FD006BA423 /* Assets.xcassets in Resources */,
			);
			runOnlyForDeploymentPostprocessing = 0;
		};
		DC8FA9F02BD640FD006BA423 /* Resources */ = {
			isa = PBXResourcesBuildPhase;
			buildActionMask = 2147483647;
			files = (
			);
			runOnlyForDeploymentPostprocessing = 0;
		};
		DC8FA9FA2BD640FD006BA423 /* Resources */ = {
			isa = PBXResourcesBuildPhase;
			buildActionMask = 2147483647;
			files = (
			);
			runOnlyForDeploymentPostprocessing = 0;
		};
/* End PBXResourcesBuildPhase section */

/* Begin PBXSourcesBuildPhase section */
		DC8FA9DE2BD640FA006BA423 /* Sources */ = {
			isa = PBXSourcesBuildPhase;
			buildActionMask = 2147483647;
			files = (
				DC8FA9E82BD640FA006BA423 /* ContentView.swift in Sources */,
				DC8FA9E62BD640FA006BA423 /* Krishna_s_CalculatorApp.swift in Sources */,
			);
			runOnlyForDeploymentPostprocessing = 0;
		};
		DC8FA9EE2BD640FD006BA423 /* Sources */ = {
			isa = PBXSourcesBuildPhase;
			buildActionMask = 2147483647;
			files = (
				DC8FA9F72BD640FD006BA423 /* Krishna_s_CalculatorTests.swift in Sources */,
			);
			runOnlyForDeploymentPostprocessing = 0;
		};
		DC8FA9F82BD640FD006BA423 /* Sources */ = {
			isa = PBXSourcesBuildPhase;
			buildActionMask = 2147483647;
			files = (
				DC8FAA012BD640FD006BA423 /* Krishna_s_CalculatorUITests.swift in Sources */,
				DC8FAA032BD640FD006BA423 /* Krishna_s_CalculatorUITestsLaunchTests.swift in Sources */,
			);
			runOnlyForDeploymentPostprocessing = 0;
		};
/* End PBXSourcesBuildPhase section */

/* Begin PBXTargetDependency section */
		DC8FA9F42BD640FD006BA423 /* PBXTargetDependency */ = {
			isa = PBXTargetDependency;
			target = DC8FA9E12BD640FA006BA423 /* Krishna's Calculator */;
			targetProxy = DC8FA9F32BD640FD006BA423 /* PBXContainerItemProxy */;
		};
		DC8FA9FE2BD640FD006BA423 /* PBXTargetDependency */ = {
			isa = PBXTargetDependency;
			target = DC8FA9E12BD640FA006BA423 /* Krishna's Calculator */;
			targetProxy = DC8FA9FD2BD640FD006BA423 /* PBXContainerItemProxy */;
		};
/* End PBXTargetDependency section */

/* Begin XCBuildConfiguration section */
		DC8FAA042BD640FD006BA423 /* Debug */ = {
			isa = XCBuildConfiguration;
			buildSettings = {
				ALWAYS_SEARCH_USER_PATHS = NO;
				ASSETCATALOG_COMPILER_GENERATE_SWIFT_ASSET_SYMBOL_EXTENSIONS = YES;
				CLANG_ANALYZER_NONNULL = YES;
				CLANG_ANALYZER_NUMBER_OBJECT_CONVERSION = YES_AGGRESSIVE;
				CLANG_CXX_LANGUAGE_STANDARD = "gnu++20";
				CLANG_ENABLE_MODULES = YES;
				CLANG_ENABLE_OBJC_ARC = YES;
				CLANG_ENABLE_OBJC_WEAK = YES;
				CLANG_WARN_BLOCK_CAPTURE_AUTORELEASING = YES;
				CLANG_WARN_BOOL_CONVERSION = YES;
				CLANG_WARN_COMMA = YES;
				CLANG_WARN_CONSTANT_CONVERSION = YES;
				CLANG_WARN_DEPRECATED_OBJC_IMPLEMENTATIONS = YES;
				CLANG_WARN_DIRECT_OBJC_ISA_USAGE = YES_ERROR;
				CLANG_WARN_DOCUMENTATION_COMMENTS = YES;
				CLANG_WARN_EMPTY_BODY = YES;
				CLANG_WARN_ENUM_CONVERSION = YES;
				CLANG_WARN_INFINITE_RECURSION = YES;
				CLANG_WARN_INT_CONVERSION = YES;
				CLANG_WARN_NON_LITERAL_NULL_CONVERSION = YES;
				CLANG_WARN_OBJC_IMPLICIT_RETAIN_SELF = YES;
				CLANG_WARN_OBJC_LITERAL_CONVERSION = YES;
				CLANG_WARN_OBJC_ROOT_CLASS = YES_ERROR;
				CLANG_WARN_QUOTED_INCLUDE_IN_FRAMEWORK_HEADER = YES;
				CLANG_WARN_RANGE_LOOP_ANALYSIS = YES;
				CLANG_WARN_STRICT_PROTOTYPES = YES;
				CLANG_WARN_SUSPICIOUS_MOVE = YES;
				CLANG_WARN_UNGUARDED_AVAILABILITY = YES_AGGRESSIVE;
				CLANG_WARN_UNREACHABLE_CODE = YES;
				CLANG_WARN__DUPLICATE_METHOD_MATCH = YES;
				COPY_PHASE_STRIP = NO;
				DEBUG_INFORMATION_FORMAT = dwarf;
				ENABLE_STRICT_OBJC_MSGSEND = YES;
				ENABLE_TESTABILITY = YES;
				ENABLE_USER_SCRIPT_SANDBOXING = YES;
				GCC_C_LANGUAGE_STANDARD = gnu17;
				GCC_DYNAMIC_NO_PIC = NO;
				GCC_NO_COMMON_BLOCKS = YES;
				GCC_OPTIMIZATION_LEVEL = 0;
				GCC_PREPROCESSOR_DEFINITIONS = (
					"DEBUG=1",
					"$(inherited)",
				);
				GCC_WARN_64_TO_32_BIT_CONVERSION = YES;
				GCC_WARN_ABOUT_RETURN_TYPE = YES_ERROR;
				GCC_WARN_UNDECLARED_SELECTOR = YES;
				GCC_WARN_UNINITIALIZED_AUTOS = YES_AGGRESSIVE;
				GCC_WARN_UNUSED_FUNCTION = YES;
				GCC_WARN_UNUSED_VARIABLE = YES;
				IPHONEOS_DEPLOYMENT_TARGET = 17.4;
				LOCALIZATION_PREFERS_STRING_CATALOGS = YES;
				MTL_ENABLE_DEBUG_INFO = INCLUDE_SOURCE;
				MTL_FAST_MATH = YES;
				ONLY_ACTIVE_ARCH = YES;
				SDKROOT = iphoneos;
				SWIFT_ACTIVE_COMPILATION_CONDITIONS = "DEBUG $(inherited)";
				SWIFT_OPTIMIZATION_LEVEL = "-Onone";
			};
			name = Debug;
		};
		DC8FAA052BD640FD006BA423 /* Release */ = {
			isa = XCBuildConfiguration;
			buildSettings = {
				ALWAYS_SEARCH_USER_PATHS = NO;
				ASSETCATALOG_COMPILER_GENERATE_SWIFT_ASSET_SYMBOL_EXTENSIONS = YES;
				CLANG_ANALYZER_NONNULL = YES;
				CLANG_ANALYZER_NUMBER_OBJECT_CONVERSION = YES_AGGRESSIVE;
				CLANG_CXX_LANGUAGE_STANDARD = "gnu++20";
				CLANG_ENABLE_MODULES = YES;
				CLANG_ENABLE_OBJC_ARC = YES;
				CLANG_ENABLE_OBJC_WEAK = YES;
				CLANG_WARN_BLOCK_CAPTURE_AUTORELEASING = YES;
				CLANG_WARN_BOOL_CONVERSION = YES;
				CLANG_WARN_COMMA = YES;
				CLANG_WARN_CONSTANT_CONVERSION = YES;
				CLANG_WARN_DEPRECATED_OBJC_IMPLEMENTATIONS = YES;
				CLANG_WARN_DIRECT_OBJC_ISA_USAGE = YES_ERROR;
				CLANG_WARN_DOCUMENTATION_COMMENTS = YES;
				CLANG_WARN_EMPTY_BODY = YES;
				CLANG_WARN_ENUM_CONVERSION = YES;
				CLANG_WARN_INFINITE_RECURSION = YES;
				CLANG_WARN_INT_CONVERSION = YES;
				CLANG_WARN_NON_LITERAL_NULL_CONVERSION = YES;
				CLANG_WARN_OBJC_IMPLICIT_RETAIN_SELF = YES;
				CLANG_WARN_OBJC_LITERAL_CONVERSION = YES;
				CLANG_WARN_OBJC_ROOT_CLASS = YES_ERROR;
				CLANG_WARN_QUOTED_INCLUDE_IN_FRAMEWORK_HEADER = YES;
				CLANG_WARN_RANGE_LOOP_ANALYSIS = YES;
				CLANG_WARN_STRICT_PROTOTYPES = YES;
				CLANG_WARN_SUSPICIOUS_MOVE = YES;
				CLANG_WARN_UNGUARDED_AVAILABILITY = YES_AGGRESSIVE;
				CLANG_WARN_UNREACHABLE_CODE = YES;
				CLANG_WARN__DUPLICATE_METHOD_MATCH = YES;
				COPY_PHASE_STRIP = NO;
				DEBUG_INFORMATION_FORMAT = "dwarf-with-dsym";
				ENABLE_NS_ASSERTIONS = NO;
				ENABLE_STRICT_OBJC_MSGSEND = YES;
				ENABLE_USER_SCRIPT_SANDBOXING = YES;
				GCC_C_LANGUAGE_STANDARD = gnu17;
				GCC_NO_COMMON_BLOCKS = YES;
				GCC_WARN_64_TO_32_BIT_CONVERSION = YES;
				GCC_WARN_ABOUT_RETURN_TYPE = YES_ERROR;
				GCC_WARN_UNDECLARED_SELECTOR = YES;
				GCC_WARN_UNINITIALIZED_AUTOS = YES_AGGRESSIVE;
				GCC_WARN_UNUSED_FUNCTION = YES;
				GCC_WARN_UNUSED_VARIABLE = YES;
				IPHONEOS_DEPLOYMENT_TARGET = 17.4;
				LOCALIZATION_PREFERS_STRING_CATALOGS = YES;
				MTL_ENABLE_DEBUG_INFO = NO;
				MTL_FAST_MATH = YES;
				SDKROOT = iphoneos;
				SWIFT_COMPILATION_MODE = wholemodule;
				VALIDATE_PRODUCT = YES;
			};
			name = Release;
		};
		DC8FAA072BD640FD006BA423 /* Debug */ = {
			isa = XCBuildConfiguration;
			buildSettings = {
				ASSETCATALOG_COMPILER_APPICON_NAME = AppIcon;
				ASSETCATALOG_COMPILER_GLOBAL_ACCENT_COLOR_NAME = AccentColor;
				CODE_SIGN_STYLE = Automatic;
				CURRENT_PROJECT_VERSION = 1;
				DEVELOPMENT_ASSET_PATHS = "\"Krishna's Calculator/Preview Content\"";
				DEVELOPMENT_TEAM = J9M99BC6C7;
				ENABLE_PREVIEWS = YES;
				GENERATE_INFOPLIST_FILE = YES;
				INFOPLIST_KEY_UIApplicationSceneManifest_Generation = YES;
				INFOPLIST_KEY_UIApplicationSupportsIndirectInputEvents = YES;
				INFOPLIST_KEY_UILaunchScreen_Generation = YES;
				INFOPLIST_KEY_UISupportedInterfaceOrientations_iPad = "UIInterfaceOrientationPortrait UIInterfaceOrientationPortraitUpsideDown UIInterfaceOrientationLandscapeLeft UIInterfaceOrientationLandscapeRight";
				INFOPLIST_KEY_UISupportedInterfaceOrientations_iPhone = "UIInterfaceOrientationPortrait UIInterfaceOrientationLandscapeLeft UIInterfaceOrientationLandscapeRight";
				LD_RUNPATH_SEARCH_PATHS = (
					"$(inherited)",
					"@executable_path/Frameworks",
				);
				MARKETING_VERSION = 1.0;
				PRODUCT_BUNDLE_IDENTIFIER = "com.Krishna-s-Calculator";
				PRODUCT_NAME = "$(TARGET_NAME)";
				SWIFT_EMIT_LOC_STRINGS = YES;
				SWIFT_VERSION = 5.0;
				TARGETED_DEVICE_FAMILY = "1,2";
			};
			name = Debug;
		};
		DC8FAA082BD640FD006BA423 /* Release */ = {
			isa = XCBuildConfiguration;
			buildSettings = {
				ASSETCATALOG_COMPILER_APPICON_NAME = AppIcon;
				ASSETCATALOG_COMPILER_GLOBAL_ACCENT_COLOR_NAME = AccentColor;
				CODE_SIGN_STYLE = Automatic;
				CURRENT_PROJECT_VERSION = 1;
				DEVELOPMENT_ASSET_PATHS = "\"Krishna's Calculator/Preview Content\"";
				DEVELOPMENT_TEAM = J9M99BC6C7;
				ENABLE_PREVIEWS = YES;
				GENERATE_INFOPLIST_FILE = YES;
				INFOPLIST_KEY_UIApplicationSceneManifest_Generation = YES;
				INFOPLIST_KEY_UIApplicationSupportsIndirectInputEvents = YES;
				INFOPLIST_KEY_UILaunchScreen_Generation = YES;
				INFOPLIST_KEY_UISupportedInterfaceOrientations_iPad = "UIInterfaceOrientationPortrait UIInterfaceOrientationPortraitUpsideDown UIInterfaceOrientationLandscapeLeft UIInterfaceOrientationLandscapeRight";
				INFOPLIST_KEY_UISupportedInterfaceOrientations_iPhone = "UIInterfaceOrientationPortrait UIInterfaceOrientationLandscapeLeft UIInterfaceOrientationLandscapeRight";
				LD_RUNPATH_SEARCH_PATHS = (
					"$(inherited)",
					"@executable_path/Frameworks",
				);
				MARKETING_VERSION = 1.0;
				PRODUCT_BUNDLE_IDENTIFIER = "com.Krishna-s-Calculator";
				PRODUCT_NAME = "$(TARGET_NAME)";
				SWIFT_EMIT_LOC_STRINGS = YES;
				SWIFT_VERSION = 5.0;
				TARGETED_DEVICE_FAMILY = "1,2";
			};
			name = Release;
		};
		DC8FAA0A2BD640FD006BA423 /* Debug */ = {
			isa = XCBuildConfiguration;
			buildSettings = {
				ALWAYS_EMBED_SWIFT_STANDARD_LIBRARIES = YES;
				BUNDLE_LOADER = "$(TEST_HOST)";
				CODE_SIGN_STYLE = Automatic;
				CURRENT_PROJECT_VERSION = 1;
				DEVELOPMENT_TEAM = J9M99BC6C7;
				GENERATE_INFOPLIST_FILE = YES;
				IPHONEOS_DEPLOYMENT_TARGET = 17.4;
				MARKETING_VERSION = 1.0;
				PRODUCT_BUNDLE_IDENTIFIER = "com.Krishna-s-CalculatorTests";
				PRODUCT_NAME = "$(TARGET_NAME)";
				SWIFT_EMIT_LOC_STRINGS = NO;
				SWIFT_VERSION = 5.0;
				TARGETED_DEVICE_FAMILY = "1,2";
				TEST_HOST = "$(BUILT_PRODUCTS_DIR)/Krishna's Calculator.app/$(BUNDLE_EXECUTABLE_FOLDER_PATH)/Krishna's Calculator";
			};
			name = Debug;
		};
		DC8FAA0B2BD640FD006BA423 /* Release */ = {
			isa = XCBuildConfiguration;
			buildSettings = {
				ALWAYS_EMBED_SWIFT_STANDARD_LIBRARIES = YES;
				BUNDLE_LOADER = "$(TEST_HOST)";
				CODE_SIGN_STYLE = Automatic;
				CURRENT_PROJECT_VERSION = 1;
				DEVELOPMENT_TEAM = J9M99BC6C7;
				GENERATE_INFOPLIST_FILE = YES;
				IPHONEOS_DEPLOYMENT_TARGET = 17.4;
				MARKETING_VERSION = 1.0;
				PRODUCT_BUNDLE_IDENTIFIER = "com.Krishna-s-CalculatorTests";
				PRODUCT_NAME = "$(TARGET_NAME)";
				SWIFT_EMIT_LOC_STRINGS = NO;
				SWIFT_VERSION = 5.0;
				TARGETED_DEVICE_FAMILY = "1,2";
				TEST_HOST = "$(BUILT_PRODUCTS_DIR)/Krishna's Calculator.app/$(BUNDLE_EXECUTABLE_FOLDER_PATH)/Krishna's Calculator";
			};
			name = Release;
		};
		DC8FAA0D2BD640FD006BA423 /* Debug */ = {
			isa = XCBuildConfiguration;
			buildSettings = {
				ALWAYS_EMBED_SWIFT_STANDARD_LIBRARIES = YES;
				CODE_SIGN_STYLE = Automatic;
				CURRENT_PROJECT_VERSION = 1;
				DEVELOPMENT_TEAM = J9M99BC6C7;
				GENERATE_INFOPLIST_FILE = YES;
				MARKETING_VERSION = 1.0;
				PRODUCT_BUNDLE_IDENTIFIER = "com.Krishna-s-CalculatorUITests";
				PRODUCT_NAME = "$(TARGET_NAME)";
				SWIFT_EMIT_LOC_STRINGS = NO;
				SWIFT_VERSION = 5.0;
				TARGETED_DEVICE_FAMILY = "1,2";
				TEST_TARGET_NAME = "Krishna's Calculator";
			};
			name = Debug;
		};
		DC8FAA0E2BD640FD006BA423 /* Release */ = {
			isa = XCBuildConfiguration;
			buildSettings = {
				ALWAYS_EMBED_SWIFT_STANDARD_LIBRARIES = YES;
				CODE_SIGN_STYLE = Automatic;
				CURRENT_PROJECT_VERSION = 1;
				DEVELOPMENT_TEAM = J9M99BC6C7;
				GENERATE_INFOPLIST_FILE = YES;
				MARKETING_VERSION = 1.0;
				PRODUCT_BUNDLE_IDENTIFIER = "com.Krishna-s-CalculatorUITests";
				PRODUCT_NAME = "$(TARGET_NAME)";
				SWIFT_EMIT_LOC_STRINGS = NO;
				SWIFT_VERSION = 5.0;
				TARGETED_DEVICE_FAMILY = "1,2";
				TEST_TARGET_NAME = "Krishna's Calculator";
			};
			name = Release;
		};
/* End XCBuildConfiguration section */

/* Begin XCConfigurationList section */
		DC8FA9DD2BD640FA006BA423 /* Build configuration list for PBXProject "Krishna's Calculator" */ = {
			isa = XCConfigurationList;
			buildConfigurations = (
				DC8FAA042BD640FD006BA423 /* Debug */,
				DC8FAA052BD640FD006BA423 /* Release */,
			);
			defaultConfigurationIsVisible = 0;
			defaultConfigurationName = Release;
		};
		DC8FAA062BD640FD006BA423 /* Build configuration list for PBXNativeTarget "Krishna's Calculator" */ = {
			isa = XCConfigurationList;
			buildConfigurations = (
				DC8FAA072BD640FD006BA423 /* Debug */,
				DC8FAA082BD640FD006BA423 /* Release */,
			);
			defaultConfigurationIsVisible = 0;
			defaultConfigurationName = Release;
		};
		DC8FAA092BD640FD006BA423 /* Build configuration list for PBXNativeTarget "Krishna's CalculatorTests" */ = {
			isa = XCConfigurationList;
			buildConfigurations = (
				DC8FAA0A2BD640FD006BA423 /* Debug */,
				DC8FAA0B2BD640FD006BA423 /* Release */,
			);
			defaultConfigurationIsVisible = 0;
			defaultConfigurationName = Release;
		};
		DC8FAA0C2BD640FD006BA423 /* Build configuration list for PBXNativeTarget "Krishna's CalculatorUITests" */ = {
			isa = XCConfigurationList;
			buildConfigurations = (
				DC8FAA0D2BD640FD006BA423 /* Debug */,
				DC8FAA0E2BD640FD006BA423 /* Release */,
			);
			defaultConfigurationIsVisible = 0;
			defaultConfigurationName = Release;
		};
/* End XCConfigurationList section */
	};
	rootObject = DC8FA9DA2BD640FA006BA423 /* Project object */;
}
